
Microsoft Visual Studio Solution File, Format Version 12.00
# Visual Studio Version 17
VisualStudioVersion = 17.14.37216.2
MinimumVisualStudioVersion = 10.0.40219.1
Project("{2150E333-8FDC-42A3-9474-1A3956D46DE8}") = "Services", "Services", "{02EA681E-C7D8-13C7-8484-4AC65E1B71E8}"
EndProject
Project("{2150E333-8FDC-42A3-9474-1A3956D46DE8}") = "Catalog", "Catalog", "{0473DFE0-262D-4A7C-824E-8AD34008E830}"
EndProject
Project("{2150E333-8FDC-42A3-9474-1A3956D46DE8}") = "BuildingBlocks", "BuildingBlocks", "{869D7D14-625A-416F-A359-75800D1CC809}"
EndProject
Project("{FAE04EC0-301F-11D3-BF4B-00C04F79EFBC}") = "Catalog.API", "Services\Catalog\Catolog.API\Catalog.API.csproj", "{7950BED6-B16F-4ED3-8A11-37943543741E}"
EndProject
Project("{FAE04EC0-301F-11D3-BF4B-00C04F79EFBC}") = "BuildingBlocks", "BuildingBlocks\BuildingBlocks\BuildingBlocks\BuildingBlocks.csproj", "{F188A422-0592-40E5-B293-0CC092AF1A92}"
EndProject
Project("{E53339B2-1760-4266-BCC7-CA923CBCF16C}") = "docker-compose", "docker-compose.dcproj", "{81DDED9D-158B-E303-5F62-77A2896D2A5A}"
EndProject
Project("{FAE04EC0-301F-11D3-BF4B-00C04F79EFBC}") = "Basket.API", "Services\Basket\Basket.API\Basket.API.csproj", "{4CC3990C-775A-481A-BBF0-C02B5EA25267}"
EndProject
Project("{2150E333-8FDC-42A3-9474-1A3956D46DE8}") = "Basket", "Basket", "{C84D193F-2A6C-4969-94C1-B8565971606B}"
EndProject
Global
	GlobalSection(SolutionConfigurationPlatforms) = preSolution
		Debug|Any CPU = Debug|Any CPU
		Release|Any CPU = Release|Any CPU
	EndGlobalSection
	GlobalSection(ProjectConfigurationPlatforms) = postSolution
		{7950BED6-B16F-4ED3-8A11-37943543741E}.Debug|Any CPU.ActiveCfg = Debug|Any CPU
		{7950BED6-B16F-4ED3-8A11-37943543741E}.Debug|Any CPU.Build.0 = Debug|Any CPU
		{7950BED6-B16F-4ED3-8A11-37943543741E}.Release|Any CPU.ActiveCfg = Release|Any CPU
		{7950BED6-B16F-4ED3-8A11-37943543741E}.Release|Any CPU.Build.0 = Release|Any CPU
		{F188A422-0592-40E5-B293-0CC092AF1A92}.Debug|Any CPU.ActiveCfg = Debug|Any CPU
		{F188A422-0592-40E5-B293-0CC092AF1A92}.Debug|Any CPU.Build.0 = Debug|Any CPU
		{F188A422-0592-40E5-B293-0CC092AF1A92}.Release|Any CPU.ActiveCfg = Release|Any CPU
		{F188A422-0592-40E5-B293-0CC092AF1A92}.Release|Any CPU.Build.0 = Release|Any CPU
		{81DDED9D-158B-E303-5F62-77A2896D2A5A}.Debug|Any CPU.ActiveCfg = Debug|Any CPU
		{81DDED9D-158B-E303-5F62-77A2896D2A5A}.Debug|Any CPU.Build.0 = Debug|Any CPU
		{81DDED9D-158B-E303-5F62-77A2896D2A5A}.Release|Any CPU.ActiveCfg = Release|Any CPU
		{81DDED9D-158B-E303-5F62-77A2896D2A5A}.Release|Any CPU.Build.0 = Release|Any CPU
		{4CC3990C-775A-481A-BBF0-C02B5EA25267}.Debug|Any CPU.ActiveCfg = Debug|Any CPU
		{4CC3990C-775A-481A-BBF0-C02B5EA25267}.Debug|Any CPU.Build.0 = Debug|Any CPU
		{4CC3990C-775A-481A-BBF0-C02B5EA25267}.Release|Any CPU.ActiveCfg = Release|Any CPU
		{4CC3990C-775A-481A-BBF0-C02B5EA25267}.Release|Any CPU.Build.0 = Release|Any CPU
	EndGlobalSection
	GlobalSection(SolutionProperties) = preSolution
		HideSolutionNode = FALSE
	EndGlobalSection
	GlobalSection(NestedProjects) = preSolution
		{0473DFE0-262D-4A7C-824E-8AD34008E830} = {02EA681E-C7D8-13C7-8484-4AC65E1B71E8}
		{7950BED6-B16F-4ED3-8A11-37943543741E} = {0473DFE0-262D-4A7C-824E-8AD34008E830}
		{F188A422-0592-40E5-B293-0CC092AF1A92} = {869D7D14-625A-416F-A359-75800D1CC809}
		{4CC3990C-775A-481A-BBF0-C02B5EA25267} = {C84D193F-2A6C-4969-94C1-B8565971606B}
		{C84D193F-2A6C-4969-94C1-B8565971606B} = {02EA681E-C7D8-13C7-8484-4AC65E1B71E8}
	EndGlobalSection
	GlobalSection(ExtensibilityGlobals) = postSolution
		SolutionGuid = {DF9B41BB-3B2D-4920-B359-5B3318B07B4A}
	EndGlobalSection
EndGlobal
